<?xml version="1.0" encoding="utf-8"?>
<Project ToolsVersion="4.0" xmlns="http://schemas.microsoft.com/developer/msbuild/2003">
  <ItemGroup>
    <Filter Include="Source Files">
      <UniqueIdentifier>{4FC737F1-C7A5-4376-A066-2A32D752A2FF}</UniqueIdentifier>
      <Extensions>cpp;c;cc;cxx;c++;cppm;ixx;def;odl;idl;hpj;bat;asm;asmx</Extensions>
    </Filter>
    <Filter Include="Header Files">
      <UniqueIdentifier>{93995380-89BD-4b04-88EB-625FBE52EBFB}</UniqueIdentifier>
      <Extensions>h;hh;hpp;hxx;h++;hm;inl;inc;ipp;xsd</Extensions>
    </Filter>
    <Filter Include="Resource Files">
      <UniqueIdentifier>{67DA6AB6-F800-4c08-8B7A-83BB121AAD01}</UniqueIdentifier>
      <Extensions>rc;ico;cur;bmp;dlg;rc2;rct;bin;rgs;gif;jpg;jpeg;jpe;resx;tiff;tif;png;wav;mfcribbon-ms</Extensions>
    </Filter>
    <Filter Include="Bitmaps and Sprites">
      <UniqueIdentifier>{b8d6eab9-9f28-403c-b8bc-1d683a641e84}</UniqueIdentifier>
    </Filter>
    <Filter Include="Bitmaps and Sprites\Header Files">
      <UniqueIdentifier>{3c178dd3-e7a2-4f6e-b464-935f79a24fc3}</UniqueIdentifier>
    </Filter>
    <Filter Include="Bitmaps and Sprites\Source Files">
      <UniqueIdentifier>{ff136fb9-7858-4619-b4f6-3a6d7f3de874}</UniqueIdentifier>
    </Filter>
    <Filter Include="Resource Management, Debugging and Logging">
      <UniqueIdentifier>{ab2c1d89-3cf7-488f-83aa-4d0b40edd8dc}</UniqueIdentifier>
    </Filter>
    <Filter Include="Resource Management, Debugging and Logging\Header Files">
      <UniqueIdentifier>{3fea6d8e-9e6a-492c-9588-6cc4425a8927}</UniqueIdentifier>
    </Filter>
    <Filter Include="Resource Management, Debugging and Logging\Source FIles">
      <UniqueIdentifier>{293dbe89-1cac-4075-be48-25c6bb709c38}</UniqueIdentifier>
    </Filter>
    <Filter Include="Components, ECS and Scene Management">
      <UniqueIdentifier>{a8bf325c-c08f-4884-a5af-26694adc0ba9}</UniqueIdentifier>
    </Filter>
    <Filter Include="Components, ECS and Scene Management\Header Files">
      <UniqueIdentifier>{8605c427-9999-4444-8ca1-d31da8a49428}</UniqueIdentifier>
    </Filter>
    <Filter Include="Components, ECS and Scene Management\Source Files">
      <UniqueIdentifier>{a473a913-2ffd-4670-9d51-7562ff8b8400}</UniqueIdentifier>
    </Filter>
    <Filter Include="Events and Memory Management">
      <UniqueIdentifier>{9ac6a7e3-665d-4cad-bd4e-b4065418b013}</UniqueIdentifier>
    </Filter>
    <Filter Include="Events and Memory Management\Header Files">
      <UniqueIdentifier>{44d1d1ab-5ed5-4671-9fa8-64e3e4307ae7}</UniqueIdentifier>
    </Filter>
    <Filter Include="Events and Memory Management\Source Files">
      <UniqueIdentifier>{b5bbb614-3132-4ad6-9df3-dabcf309261b}</UniqueIdentifier>
    </Filter>
    <Filter Include="Scripting and Physics">
      <UniqueIdentifier>{2192d67b-064b-4bf0-9359-bea60335d92e}</UniqueIdentifier>
    </Filter>
    <Filter Include="Scripting and Physics\Header Files">
      <UniqueIdentifier>{4f355865-dc96-465e-993c-1dedd7eb6449}</UniqueIdentifier>
    </Filter>
    <Filter Include="Scripting and Physics\Source Files">
      <UniqueIdentifier>{d82b5b3d-5fa8-40c9-824f-ae57c9cd4f92}</UniqueIdentifier>
    </Filter>
    <Filter Include="ImGui">
      <UniqueIdentifier>{85140cba-4a61-4336-add8-556637a40e93}</UniqueIdentifier>
    </Filter>
    <Filter Include="ImGui\Backends">
      <UniqueIdentifier>{eb0830f0-e745-4b7a-b09b-f6b0278f3368}</UniqueIdentifier>
    </Filter>
    <Filter Include="Object Selection and Properties Window">
      <UniqueIdentifier>{0aebbbc7-22c9-4bb8-bbfa-828073329e70}</UniqueIdentifier>
    </Filter>
    <Filter Include="Object Selection and Properties Window\Header Files">
      <UniqueIdentifier>{098ea0a4-6d5e-4770-944e-e39899bbac9b}</UniqueIdentifier>
    </Filter>
    <Filter Include="Object Selection and Properties Window\Source Files">
      <UniqueIdentifier>{6f27f414-5c28-4c7e-b214-6004d8fd7509}</UniqueIdentifier>
    </Filter>
    <Filter Include="Drag and Drop">
      <UniqueIdentifier>{9baaeef1-9a2d-4496-bd3a-7b941c54b232}</UniqueIdentifier>
    </Filter>
    <Filter Include="Drag and Drop\Header Files">
      <UniqueIdentifier>{2ca43545-1af6-4a96-b83d-8b8c569b60f8}</UniqueIdentifier>
    </Filter>
    <Filter Include="Drag and Drop\Source Files">
      <UniqueIdentifier>{77c08403-306f-4cdd-9d64-04b57bcd6f5e}</UniqueIdentifier>
    </Filter>
  </ItemGroup>
  <ItemGroup>
    <ClCompile Include="main.cpp">
      <Filter>Source Files</Filter>
    </ClCompile>
    <ClCompile Include="Bitmap.cpp">
      <Filter>Bitmaps and Sprites\Source Files</Filter>
    </ClCompile>
    <ClCompile Include="Pawn.cpp">
      <Filter>Bitmaps and Sprites\Source Files</Filter>
    </ClCompile>
    <ClCompile Include="Monster.cpp">
      <Filter>Bitmaps and Sprites\Source Files</Filter>
    </ClCompile>
    <ClCompile Include="Player.cpp">
      <Filter>Bitmaps and Sprites\Source Files</Filter>
    </ClCompile>
    <ClCompile Include="Input.cpp">
      <Filter>Bitmaps and Sprites\Source Files</Filter>
    </ClCompile>
    <ClCompile Include="ResourceManager.cpp">
      <Filter>Resource Management, Debugging and Logging\Source FIles</Filter>
    </ClCompile>
    <ClCompile Include="Debug.cpp">
      <Filter>Resource Management, Debugging and Logging\Source FIles</Filter>
    </ClCompile>
    <ClCompile Include="Logging.cpp">
      <Filter>Resource Management, Debugging and Logging\Source FIles</Filter>
    </ClCompile>
    <ClCompile Include="GameObject.cpp">
      <Filter>Components, ECS and Scene Management\Source Files</Filter>
    </ClCompile>
    <ClCompile Include="I_ComponentBase.cpp">
      <Filter>Components, ECS and Scene Management\Source Files</Filter>
    </ClCompile>
    <ClCompile Include="BitmapComponent.cpp">
      <Filter>Components, ECS and Scene Management\Source Files</Filter>
    </ClCompile>
    <ClCompile Include="ECS.cpp">
      <Filter>Components, ECS and Scene Management\Source Files</Filter>
    </ClCompile>
    <ClCompile Include="RendererSystem.cpp">
      <Filter>Components, ECS and Scene Management\Source Files</Filter>
    </ClCompile>
    <ClCompile Include="MovementSystem.cpp">
      <Filter>Components, ECS and Scene Management\Source Files</Filter>
    </ClCompile>
    <ClCompile Include="Subscriber.cpp">
      <Filter>Events and Memory Management\Source Files</Filter>
    </ClCompile>
    <ClCompile Include="Publisher.cpp">
      <Filter>Events and Memory Management\Source Files</Filter>
    </ClCompile>
    <ClCompile Include="IEventData.cpp">
      <Filter>Events and Memory Management\Source Files</Filter>
    </ClCompile>
    <ClCompile Include="Broker.cpp">
      <Filter>Events and Memory Management\Source Files</Filter>
    </ClCompile>
    <ClCompile Include="StackArenaAllocator.cpp">
      <Filter>Events and Memory Management\Source Files</Filter>
    </ClCompile>
    <ClCompile Include="ScriptComponent.cpp">
      <Filter>Scripting and Physics\Source Files</Filter>
    </ClCompile>
    <ClCompile Include="ImGui\imgui.cpp">
      <Filter>ImGui</Filter>
    </ClCompile>
    <ClCompile Include="ImGui\imgui_demo.cpp">
      <Filter>ImGui</Filter>
    </ClCompile>
    <ClCompile Include="ImGui\imgui_draw.cpp">
      <Filter>ImGui</Filter>
    </ClCompile>
    <ClCompile Include="ImGui\imgui_tables.cpp">
      <Filter>ImGui</Filter>
    </ClCompile>
    <ClCompile Include="ImGui\imgui_widgets.cpp">
      <Filter>ImGui</Filter>
    </ClCompile>
    <ClCompile Include="ImGui\backends\imgui_impl_sdlrenderer3.cpp">
      <Filter>ImGui\Backends</Filter>
    </ClCompile>
    <ClCompile Include="ImGui\backends\imgui_impl_sdl3.cpp">
      <Filter>ImGui\Backends</Filter>
    </ClCompile>
    <ClCompile Include="Message.cpp">
      <Filter>Object Selection and Properties Window\Source Files</Filter>
    </ClCompile>
    <ClCompile Include="MouseEventData.cpp">
      <Filter>Object Selection and Properties Window\Source Files</Filter>
    </ClCompile>
    <ClCompile Include="IGuiWindow.cpp">
      <Filter>Object Selection and Properties Window\Source Files</Filter>
    </ClCompile>
    <ClCompile Include="EditorGui.cpp">
      <Filter>Object Selection and Properties Window\Source Files</Filter>
    </ClCompile>
    <ClCompile Include="AssetWindow.cpp">
      <Filter>Drag and Drop\Source Files</Filter>
    </ClCompile>
    <ClCompile Include="IDirectoryItem.cpp">
      <Filter>Drag and Drop\Source Files</Filter>
    </ClCompile>
    <ClCompile Include="Hierarchy.cpp">
      <Filter>Drag and Drop\Source Files</Filter>
    </ClCompile>
  </ItemGroup>
  <ItemGroup>
    <ClInclude Include="Bitmap.h">
      <Filter>Bitmaps and Sprites\Header Files</Filter>
    </ClInclude>
    <ClInclude Include="Pawn.h">
      <Filter>Bitmaps and Sprites\Header Files</Filter>
    </ClInclude>
    <ClInclude Include="Monster.h">
      <Filter>Bitmaps and Sprites\Header Files</Filter>
    </ClInclude>
    <ClInclude Include="Player.h">
      <Filter>Bitmaps and Sprites\Header Files</Filter>
    </ClInclude>
    <ClInclude Include="SDL_Deleter.h">
      <Filter>Bitmaps and Sprites\Header Files</Filter>
    </ClInclude>
    <ClInclude Include="Input.h">
      <Filter>Bitmaps and Sprites\Header Files</Filter>
    </ClInclude>
    <ClInclude Include="ResourceManager.h">
      <Filter>Resource Management, Debugging and Logging\Header Files</Filter>
    </ClInclude>
    <ClInclude Include="Debug.h">
      <Filter>Resource Management, Debugging and Logging\Header Files</Filter>
    </ClInclude>
    <ClInclude Include="Logging.h">
      <Filter>Resource Management, Debugging and Logging\Header Files</Filter>
    </ClInclude>
    <ClInclude Include="GameObject.h">
      <Filter>Components, ECS and Scene Management\Header Files</Filter>
    </ClInclude>
    <ClInclude Include="Transform.hpp">
      <Filter>Components, ECS and Scene Management\Header Files</Filter>
    </ClInclude>
    <ClInclude Include="I_ComponentBase.h">
      <Filter>Components, ECS and Scene Management\Header Files</Filter>
    </ClInclude>
    <ClInclude Include="BitmapComponent.h">
      <Filter>Components, ECS and Scene Management\Header Files</Filter>
    </ClInclude>
    <ClInclude Include="Components.hpp">
      <Filter>Components, ECS and Scene Management\Header Files</Filter>
    </ClInclude>
    <ClInclude Include="ECS.h">
      <Filter>Components, ECS and Scene Management\Header Files</Filter>
    </ClInclude>
    <ClInclude Include="MovementSystem.h">
      <Filter>Components, ECS and Scene Management\Header Files</Filter>
    </ClInclude>
    <ClInclude Include="RendererSystem.h">
      <Filter>Components, ECS and Scene Management\Header Files</Filter>
    </ClInclude>
    <ClInclude Include="Broker.h">
      <Filter>Events and Memory Management\Header Files</Filter>
    </ClInclude>
    <ClInclude Include="IEventData.h">
      <Filter>Events and Memory Management\Header Files</Filter>
    </ClInclude>
    <ClInclude Include="Publisher.h">
      <Filter>Events and Memory Management\Header Files</Filter>
    </ClInclude>
    <ClInclude Include="Subscriber.h">
      <Filter>Events and Memory Management\Header Files</Filter>
    </ClInclude>
    <ClInclude Include="StackArenaAllocator.h">
      <Filter>Events and Memory Management\Header Files</Filter>
    </ClInclude>
    <ClInclude Include="ScriptComponent.h">
      <Filter>Scripting and Physics\Header Files</Filter>
    </ClInclude>
    <ClInclude Include="ImGui\imconfig.h">
      <Filter>ImGui</Filter>
    </ClInclude>
    <ClInclude Include="ImGui\imgui.h">
      <Filter>ImGui</Filter>
    </ClInclude>
    <ClInclude Include="ImGui\imgui_internal.h">
      <Filter>ImGui</Filter>
    </ClInclude>
    <ClInclude Include="ImGui\imstb_rectpack.h">
      <Filter>ImGui</Filter>
    </ClInclude>
    <ClInclude Include="ImGui\imstb_textedit.h">
      <Filter>ImGui</Filter>
    </ClInclude>
    <ClInclude Include="ImGui\imstb_truetype.h">
      <Filter>ImGui</Filter>
    </ClInclude>
    <ClInclude Include="ImGui\backends\imgui_impl_sdlrenderer3.h">
      <Filter>ImGui\Backends</Filter>
    </ClInclude>
    <ClInclude Include="ImGui\backends\imgui_impl_sdl3.h">
      <Filter>ImGui\Backends</Filter>
    </ClInclude>
    <ClInclude Include="Message.h">
      <Filter>Object Selection and Properties Window\Header Files</Filter>
    </ClInclude>
    <ClInclude Include="MouseEventData.h">
      <Filter>Object Selection and Properties Window\Header Files</Filter>
    </ClInclude>
    <ClInclude Include="EditorGui.h">
      <Filter>Object Selection and Properties Window\Header Files</Filter>
    </ClInclude>
    <ClInclude Include="IGuiWindow.h">
      <Filter>Object Selection and Properties Window\Header Files</Filter>
    </ClInclude>
    <ClInclude Include="AssetWindow.h">
      <Filter>Drag and Drop\Header Files</Filter>
    </ClInclude>
    <ClInclude Include="IDirectoryItem.h">
      <Filter>Drag and Drop\Header Files</Filter>
    </ClInclude>
    <ClInclude Include="Hierarchy.h">
      <Filter>Drag and Drop\Header Files</Filter>
    </ClInclude>
  </ItemGroup>
</Project>